PODS:
  - Nimble (7.1.2)
  - SnapKit (4.0.0)

DEPENDENCIES:
  - Nimble (~> 7.1.0)
  - SnapKit

SPEC REPOS:
  https://github.com/cocoapods/specs.git:
    - Nimble
    - SnapKit

SPEC CHECKSUMS:
  Nimble: 3835ba9f459daa6b347f8a8e110aaae8ca1920a8
  SnapKit: a42d492c16e80209130a3379f73596c3454b7694

PODFILE CHECKSUM: ae0ea92eef6db880b1891407147381b4c7967b3f

COCOAPODS: 1.5.3
